github.com/go-logr/logr v1.2.0 h1:QK40JKJyMdUDz+h+xvCsru/bJhvG0UxvePV0ufL/AcE=
github.com/go-logr/logr v1.2.0/go.mod h1:jdQByPbusPIv2/zmleS9BjJVeZ6kBagPoEUsqbVz/1A=
github.com/pkg/errors v0.9.1 h1:FEBLx1zS214owpjy7qsBeixbURkuhQAwrK5UwLGTwt4=
github.com/pkg/errors v0.9.1/go.mod h1:bwawxfHBFNV+L2hUp1rHADufV3IMtnDRdf1r5NINEl0=
golang.org/x/crypto v0.6.0 h1:qfktjS5LUO+fFKeJXZ+ikTRijMmljikvG68fpMMruSc=
golang.org/x/crypto v0.6.0/go.mod h1:OFC/31mSvZgRz0V1QTNCzfAI1aIRzbiufJtkMIlEp58=
golang.org/x/net v0.7.0 h1:rJrUqqhjsgNp7KqAIc25s9pZnjU7TUcSY7HcVZjdn1g=
golang.org/x/net v0.7.0/go.mod h1:2Tu9+aMcznHK/AK1HMvgo6xiTLG5rD5rZLDS+rp2Bjs=
golang.org/x/sys v0.5.0 h1:MUK/U/4lj1t1oPg0HfuXDN/Z1wv31ZJ/YcPiGccS4DU=
golang.org/x/sys v0.5.0/go.mod h1:oPkhp1MJrh7nUepCBck5+mAzfO9JrbApNNgaTdGDITg=
golang.org/x/term v0.5.0 h1:n2a8QNdAb0sZNpU9R1ALUXBbY+w51fCQDN+7EdxNBsY=
golang.org/x/text v0.7.0 h1:4BRB4x83lYWy72KwLD/qYDuTu7q9PjSagHvijDw7cLo=
golang.org/x/text v0.7.0/go.mod h1:mrYo+phRRbMaCq/xk9113O4dZlRixOauAjOtrjsXDZ8=
gomodules.xyz/clock v0.0.0-20200817085942-06523dba733f h1:hTyhR4r+tj1Uq7/PpFxLTzbeA0LhMVp7bEYfhkzFjdY=
gomodules.xyz/clock v0.0.0-20200817085942-06523dba733f/go.mod h1:K3m7N+nBOlf91/tpv8REUGwsAgaKFwElQCuiLhm12AQ=
gomodules.xyz/runtime v0.3.0 h1:Fgf3fjIE3xY/sswO73iRBeR3mundZAjlY42fQPigPR0=
gomodules.xyz/runtime v0.3.0/go.mod h1:lJuiayVYjz8LWDwKhbDqFzUrXqr1btLbJS5/lKDz1YU=
gomodules.xyz/wait v0.2.0 h1:HnRIh+cvIrrKIFaXoYznCVVirv2/2xu3KzjSzsQmYAY=
gomodules.xyz/wait v0.2.0/go.mod h1:g/epKzZQuCqgvhzhaoG4cSBNGHqnOrhFR4Q7szDJ1JM=
k8s.io/klog/v2 v2.90.1 h1:m4bYOKall2MmOiRaR1J+We67Do7vm9KiQVlT96lnHUw=
k8s.io/klog/v2 v2.90.1/go.mod h1:y1WjHnz7Dj687irZUWR/WLkLc5N1YHtjLdmgWjndZn0=
